
Microsoft Visual Studio Solution File, Format Version 12.00
# Visual Studio 15
VisualStudioVersion = 15.0.27130.2027
MinimumVisualStudioVersion = 10.0.40219.1
Project("{FAE04EC0-301F-11D3-BF4B-00C04F79EFBC}") = "SimplePrograms", "SimplePrograms\SimplePrograms.csproj", "{60DA1111-A247-4AF4-9CB7-C47638FAEFC7}"
EndProject
Global
	GlobalSection(SolutionConfigurationPlatforms) = preSolution
		Debug|Any CPU = Debug|Any CPU
		Release|Any CPU = Release|Any CPU
	EndGlobalSection
	GlobalSection(ProjectConfigurationPlatforms) = postSolution
		{60DA1111-A247-4AF4-9CB7-C47638FAEFC7}.Debug|Any CPU.ActiveCfg = Debug|Any CPU
		{60DA1111-A247-4AF4-9CB7-C47638FAEFC7}.Debug|Any CPU.Build.0 = Debug|Any CPU
		{60DA1111-A247-4AF4-9CB7-C47638FAEFC7}.Release|Any CPU.ActiveCfg = Release|Any CPU
		{60DA1111-A247-4AF4-9CB7-C47638FAEFC7}.Release|Any CPU.Build.0 = Release|Any CPU
	EndGlobalSection
	GlobalSection(SolutionProperties) = preSolution
		HideSolutionNode = FALSE
	EndGlobalSection
	GlobalSection(ExtensibilityGlobals) = postSolution
		SolutionGuid = {531C2129-664E-46B8-9150-85F8F6A3F72B}
	EndGlobalSection
EndGlobal
